// !$*UTF8*$!
{
	archiveVersion = 1;
	classes = {
	};
	objectVersion = 46;
	objects = {

/* Begin PBXBuildFile section */
		5662A4271A6A849F008E633D /* main.m in Sources */ = {isa = PBXBuildFile; fileRef = 5662A4261A6A849F008E633D /* main.m */; };
		5662A42A1A6A849F008E633D /* AppDelegate.m in Sources */ = {isa = PBXBuildFile; fileRef = 5662A4291A6A849F008E633D /* AppDelegate.m */; };
		5662A42D1A6A849F008E633D /* ViewController.m in Sources */ = {isa = PBXBuildFile; fileRef = 5662A42C1A6A849F008E633D /* ViewController.m */; };
		5662A4301A6A849F008E633D /* Main.storyboard in Resources */ = {isa = PBXBuildFile; fileRef = 5662A42E1A6A849F008E633D /* Main.storyboard */; };
		5662A4321A6A849F008E633D /* Images.xcassets in Resources */ = {isa = PBXBuildFile; fileRef = 5662A4311A6A849F008E633D /* Images.xcassets */; };
		5662A4351A6A849F008E633D /* LaunchScreen.xib in Resources */ = {isa = PBXBuildFile; fileRef = 5662A4331A6A849F008E633D /* LaunchScreen.xib */; };
		5662A4411A6A849F008E633D /* rightSideTests.m in Sources */ = {isa = PBXBuildFile; fileRef = 5662A4401A6A849F008E633D /* rightSideTests.m */; };
		5662A44D1A6A84DB008E633D /* CenterViewController.m in Sources */ = {isa = PBXBuildFile; fileRef = 5662A44C1A6A84DB008E633D /* CenterViewController.m */; };
		5662A4501A6A84E8008E633D /* RightViewController.m in Sources */ = {isa = PBXBuildFile; fileRef = 5662A44F1A6A84E8008E633D /* RightViewController.m */; };
/* End PBXBuildFile section */

/* Begin PBXContainerItemProxy section */
		5662A43B1A6A849F008E633D /* PBXContainerItemProxy */ = {
			isa = PBXContainerItemProxy;
			containerPortal = 5662A4191A6A849F008E633D /* Project object */;
			proxyType = 1;
			remoteGlobalIDString = 5662A4201A6A849F008E633D;
			remoteInfo = rightSide;
		};
/* End PBXContainerItemProxy section */

/* Begin PBXFileReference section */
		5662A4211A6A849F008E633D /* rightSide.app */ = {isa = PBXFileReference; explicitFileType = wrapper.application; includeInIndex = 0; path = rightSide.app; sourceTree = BUILT_PRODUCTS_DIR; };
		5662A4251A6A849F008E633D /* Info.plist */ = {isa = PBXFileReference; lastKnownFileType = text.plist.xml; path = Info.plist; sourceTree = "<group>"; };
		5662A4261A6A849F008E633D /* main.m */ = {isa = PBXFileReference; lastKnownFileType = sourcecode.c.objc; path = main.m; sourceTree = "<group>"; };
		5662A4281A6A849F008E633D /* AppDelegate.h */ = {isa = PBXFileReference; lastKnownFileType = sourcecode.c.h; path = AppDelegate.h; sourceTree = "<group>"; };
		5662A4291A6A849F008E633D /* AppDelegate.m */ = {isa = PBXFileReference; lastKnownFileType = sourcecode.c.objc; path = AppDelegate.m; sourceTree = "<group>"; };
		5662A42B1A6A849F008E633D /* ViewController.h */ = {isa = PBXFileReference; lastKnownFileType = sourcecode.c.h; path = ViewController.h; sourceTree = "<group>"; };
		5662A42C1A6A849F008E633D /* ViewController.m */ = {isa = PBXFileReference; lastKnownFileType = sourcecode.c.objc; path = ViewController.m; sourceTree = "<group>"; };
		5662A42F1A6A849F008E633D /* Base */ = {isa = PBXFileReference; lastKnownFileType = file.storyboard; name = Base; path = Base.lproj/Main.storyboard; sourceTree = "<group>"; };
		5662A4311A6A849F008E633D /* Images.xcassets */ = {isa = PBXFileReference; lastKnownFileType = folder.assetcatalog; path = Images.xcassets; sourceTree = "<group>"; };
		5662A4341A6A849F008E633D /* Base */ = {isa = PBXFileReference; lastKnownFileType = file.xib; name = Base; path = Base.lproj/LaunchScreen.xib; sourceTree = "<group>"; };
		5662A43A1A6A849F008E633D /* rightSideTests.xctest */ = {isa = PBXFileReference; explicitFileType = wrapper.cfbundle; includeInIndex = 0; path = rightSideTests.xctest; sourceTree = BUILT_PRODUCTS_DIR; };
		5662A43F1A6A849F008E633D /* Info.plist */ = {isa = PBXFileReference; lastKnownFileType = text.plist.xml; path = Info.plist; sourceTree = "<group>"; };
		5662A4401A6A849F008E633D /* rightSideTests.m */ = {isa = PBXFileReference; lastKnownFileType = sourcecode.c.objc; path = rightSideTests.m; sourceTree = "<group>"; };
		5662A44B1A6A84DB008E633D /* CenterViewController.h */ = {isa = PBXFileReference; fileEncoding = 4; lastKnownFileType = sourcecode.c.h; path = CenterViewController.h; sourceTree = "<group>"; };
		5662A44C1A6A84DB008E633D /* CenterViewController.m */ = {isa = PBXFileReference; fileEncoding = 4; lastKnownFileType = sourcecode.c.objc; path = CenterViewController.m; sourceTree = "<group>"; };
		5662A44E1A6A84E8008E633D /* RightViewController.h */ = {isa = PBXFileReference; fileEncoding = 4; lastKnownFileType = sourcecode.c.h; path = RightViewController.h; sourceTree = "<group>"; };
		5662A44F1A6A84E8008E633D /* RightViewController.m */ = {isa = PBXFileReference; fileEncoding = 4; lastKnownFileType = sourcecode.c.objc; path = RightViewController.m; sourceTree = "<group>"; };
/* End PBXFileReference section */

/* Begin PBXFrameworksBuildPhase section */
		5662A41E1A6A849F008E633D /* Frameworks */ = {
			isa = PBXFrameworksBuildPhase;
			buildActionMask = 2147483647;
			files = (
			);
			runOnlyForDeploymentPostprocessing = 0;
		};
		5662A4371A6A849F008E633D /* Frameworks */ = {
			isa = PBXFrameworksBuildPhase;
			buildActionMask = 2147483647;
			files = (
			);
			runOnlyForDeploymentPostprocessing = 0;
		};
/* End PBXFrameworksBuildPhase section */

/* Begin PBXGroup section */
		5662A4181A6A849F008E633D = {
			isa = PBXGroup;
			children = (
				5662A4231A6A849F008E633D /* rightSide */,
				5662A43D1A6A849F008E633D /* rightSideTests */,
				5662A4221A6A849F008E633D /* Products */,
			);
			sourceTree = "<group>";
		};
		5662A4221A6A849F008E633D /* Products */ = {
			isa = PBXGroup;
			children = (
				5662A4211A6A849F008E633D /* rightSide.app */,
				5662A43A1A6A849F008E633D /* rightSideTests.xctest */,
			);
			name = Products;
			sourceTree = "<group>";
		};
		5662A4231A6A849F008E633D /* rightSide */ = {
			isa = PBXGroup;
			children = (
				5662A4281A6A849F008E633D /* AppDelegate.h */,
				5662A4291A6A849F008E633D /* AppDelegate.m */,
				5662A42B1A6A849F008E633D /* ViewController.h */,
				5662A42C1A6A849F008E633D /* ViewController.m */,
				5662A44A1A6A84BE008E633D /* center */,
				5662A42E1A6A849F008E633D /* Main.storyboard */,
				5662A4311A6A849F008E633D /* Images.xcassets */,
				5662A4331A6A849F008E633D /* LaunchScreen.xib */,
				5662A4241A6A849F008E633D /* Supporting Files */,
			);
			path = rightSide;
			sourceTree = "<group>";
		};
		5662A4241A6A849F008E633D /* Supporting Files */ = {
			isa = PBXGroup;
			children = (
				5662A4251A6A849F008E633D /* Info.plist */,
				5662A4261A6A849F008E633D /* main.m */,
			);
			name = "Supporting Files";
			sourceTree = "<group>";
		};
		5662A43D1A6A849F008E633D /* rightSideTests */ = {
			isa = PBXGroup;
			children = (
				5662A4401A6A849F008E633D /* rightSideTests.m */,
				5662A43E1A6A849F008E633D /* Supporting Files */,
			);
			path = rightSideTests;
			sourceTree = "<group>";
		};
		5662A43E1A6A849F008E633D /* Supporting Files */ = {
			isa = PBXGroup;
			children = (
				5662A43F1A6A849F008E633D /* Info.plist */,
			);
			name = "Supporting Files";
			sourceTree = "<group>";
		};
		5662A44A1A6A84BE008E633D /* center */ = {
			isa = PBXGroup;
			children = (
				5662A44B1A6A84DB008E633D /* CenterViewController.h */,
				5662A44C1A6A84DB008E633D /* CenterViewController.m */,
				5662A44E1A6A84E8008E633D /* RightViewController.h */,
				5662A44F1A6A84E8008E633D /* RightViewController.m */,
			);
			name = center;
			sourceTree = "<group>";
		};
/* End PBXGroup section */

/* Begin PBXNativeTarget section */
		5662A4201A6A849F008E633D /* rightSide */ = {
			isa = PBXNativeTarget;
			buildConfigurationList = 5662A4441A6A849F008E633D /* Build configuration list for PBXNativeTarget "rightSide" */;
			buildPhases = (
				5662A41D1A6A849F008E633D /* Sources */,
				5662A41E1A6A849F008E633D /* Frameworks */,
				5662A41F1A6A849F008E633D /* Resources */,
			);
			buildRules = (
			);
			dependencies = (
			);
			name = rightSide;
			productName = rightSide;
			productReference = 5662A4211A6A849F008E633D /* rightSide.app */;
			productType = "com.apple.product-type.application";
		};
		5662A4391A6A849F008E633D /* rightSideTests */ = {
			isa = PBXNativeTarget;
			buildConfigurationList = 5662A4471A6A849F008E633D /* Build configuration list for PBXNativeTarget "rightSideTests" */;
			buildPhases = (
				5662A4361A6A849F008E633D /* Sources */,
				5662A4371A6A849F008E633D /* Frameworks */,
				5662A4381A6A849F008E633D /* Resources */,
			);
			buildRules = (
			);
			dependencies = (
				5662A43C1A6A849F008E633D /* PBXTargetDependency */,
			);
			name = rightSideTests;
			productName = rightSideTests;
			productReference = 5662A43A1A6A849F008E633D /* rightSideTests.xctest */;
			productType = "com.apple.product-type.bundle.unit-test";
		};
/* End PBXNativeTarget section */

/* Begin PBXProject section */
		5662A4191A6A849F008E633D /* Project object */ = {
			isa = PBXProject;
			attributes = {
				LastUpgradeCheck = 0610;
				ORGANIZATIONNAME = Eternity;
				TargetAttributes = {
					5662A4201A6A849F008E633D = {
						CreatedOnToolsVersion = 6.1.1;
						DevelopmentTeam = G426QE9Z25;
					};
					5662A4391A6A849F008E633D = {
						CreatedOnToolsVersion = 6.1.1;
						TestTargetID = 5662A4201A6A849F008E633D;
					};
				};
			};
			buildConfigurationList = 5662A41C1A6A849F008E633D /* Build configuration list for PBXProject "rightSide" */;
			compatibilityVersion = "Xcode 3.2";
			developmentRegion = English;
			hasScannedForEncodings = 0;
			knownRegions = (
				en,
				Base,
			);
			mainGroup = 5662A4181A6A849F008E633D;
			productRefGroup = 5662A4221A6A849F008E633D /* Products */;
			projectDirPath = "";
			projectRoot = "";
			targets = (
				5662A4201A6A849F008E633D /* rightSide */,
				5662A4391A6A849F008E633D /* rightSideTests */,
			);
		};
/* End PBXProject section */

/* Begin PBXResourcesBuildPhase section */
		5662A41F1A6A849F008E633D /* Resources */ = {
			isa = PBXResourcesBuildPhase;
			buildActionMask = 2147483647;
			files = (
				5662A4301A6A849F008E633D /* Main.storyboard in Resources */,
				5662A4351A6A849F008E633D /* LaunchScreen.xib in Resources */,
				5662A4321A6A849F008E633D /* Images.xcassets in Resources */,
			);
			runOnlyForDeploymentPostprocessing = 0;
		};
		5662A4381A6A849F008E633D /* Resources */ = {
			isa = PBXResourcesBuildPhase;
			buildActionMask = 2147483647;
			files = (
			);
			runOnlyForDeploymentPostprocessing = 0;
		};
/* End PBXResourcesBuildPhase section */

/* Begin PBXSourcesBuildPhase section */
		5662A41D1A6A849F008E633D /* Sources */ = {
			isa = PBXSourcesBuildPhase;
			buildActionMask = 2147483647;
			files = (
				5662A4501A6A84E8008E633D /* RightViewController.m in Sources */,
				5662A42D1A6A849F008E633D /* ViewController.m in Sources */,
				5662A44D1A6A84DB008E633D /* CenterViewController.m in Sources */,
				5662A42A1A6A849F008E633D /* AppDelegate.m in Sources */,
				5662A4271A6A849F008E633D /* main.m in Sources */,
			);
			runOnlyForDeploymentPostprocessing = 0;
		};
		5662A4361A6A849F008E633D /* Sources */ = {
			isa = PBXSourcesBuildPhase;
			buildActionMask = 2147483647;
			files = (
				5662A4411A6A849F008E633D /* rightSideTests.m in Sources */,
			);
			runOnlyForDeploymentPostprocessing = 0;
		};
/* End PBXSourcesBuildPhase section */

/* Begin PBXTargetDependency section */
		5662A43C1A6A849F008E633D /* PBXTargetDependency */ = {
			isa = PBXTargetDependency;
			target = 5662A4201A6A849F008E633D /* rightSide */;
			targetProxy = 5662A43B1A6A849F008E633D /* PBXContainerItemProxy */;
		};
/* End PBXTargetDependency section */

/* Begin PBXVariantGroup section */
		5662A42E1A6A849F008E633D /* Main.storyboard */ = {
			isa = PBXVariantGroup;
			children = (
				5662A42F1A6A849F008E633D /* Base */,
			);
			name = Main.storyboard;
			sourceTree = "<group>";
		};
		5662A4331A6A849F008E633D /* LaunchScreen.xib */ = {
			isa = PBXVariantGroup;
			children = (
				5662A4341A6A849F008E633D /* Base */,
			);
			name = LaunchScreen.xib;
			sourceTree = "<group>";
		};
/* End PBXVariantGroup section */

/* Begin XCBuildConfiguration section */
		5662A4421A6A849F008E633D /* Debug */ = {
			isa = XCBuildConfiguration;
			buildSettings = {
				ALWAYS_SEARCH_USER_PATHS = NO;
				CLANG_CXX_LANGUAGE_STANDARD = "gnu++0x";
				CLANG_CXX_LIBRARY = "libc++";
				CLANG_ENABLE_MODULES = YES;
				CLANG_ENABLE_OBJC_ARC = YES;
				CLANG_WARN_BOOL_CONVERSION = YES;
				CLANG_WARN_CONSTANT_CONVERSION = YES;
				CLANG_WARN_DIRECT_OBJC_ISA_USAGE = YES_ERROR;
				CLANG_WARN_EMPTY_BODY = YES;
				CLANG_WARN_ENUM_CONVERSION = YES;
				CLANG_WARN_INT_CONVERSION = YES;
				CLANG_WARN_OBJC_ROOT_CLASS = YES_ERROR;
				CLANG_WARN_UNREACHABLE_CODE = YES;
				CLANG_WARN__DUPLICATE_METHOD_MATCH = YES;
				"CODE_SIGN_IDENTITY[sdk=iphoneos*]" = "iPhone Developer";
				COPY_PHASE_STRIP = NO;
				ENABLE_STRICT_OBJC_MSGSEND = YES;
				GCC_C_LANGUAGE_STANDARD = gnu99;
				GCC_DYNAMIC_NO_PIC = NO;
				GCC_OPTIMIZATION_LEVEL = 0;
				GCC_PREPROCESSOR_DEFINITIONS = (
					"DEBUG=1",
					"$(inherited)",
				);
				GCC_SYMBOLS_PRIVATE_EXTERN = NO;
				GCC_WARN_64_TO_32_BIT_CONVERSION = YES;
				GCC_WARN_ABOUT_RETURN_TYPE = YES_ERROR;
				GCC_WARN_UNDECLARED_SELECTOR = YES;
				GCC_WARN_UNINITIALIZED_AUTOS = YES_AGGRESSIVE;
				GCC_WARN_UNUSED_FUNCTION = YES;
				GCC_WARN_UNUSED_VARIABLE = YES;
				IPHONEOS_DEPLOYMENT_TARGET = 8.1;
				MTL_ENABLE_DEBUG_INFO = YES;
				ONLY_ACTIVE_ARCH = YES;
				SDKROOT = iphoneos;
			};
			name = Debug;
		};
		5662A4431A6A849F008E633D /* Release */ = {
			isa = XCBuildConfiguration;
			buildSettings = {
				ALWAYS_SEARCH_USER_PATHS = NO;
				CLANG_CXX_LANGUAGE_STANDARD = "gnu++0x";
				CLANG_CXX_LIBRARY = "libc++";
				CLANG_ENABLE_MODULES = YES;
				CLANG_ENABLE_OBJC_ARC = YES;
				CLANG_WARN_BOOL_CONVERSION = YES;
				CLANG_WARN_CONSTANT_CONVERSION = YES;
				CLANG_WARN_DIRECT_OBJC_ISA_USAGE = YES_ERROR;
				CLANG_WARN_EMPTY_BODY = YES;
				CLANG_WARN_ENUM_CONVERSION = YES;
				CLANG_WARN_INT_CONVERSION = YES;
				CLANG_WARN_OBJC_ROOT_CLASS = YES_ERROR;
				CLANG_WARN_UNREACHABLE_CODE = YES;
				CLANG_WARN__DUPLICATE_METHOD_MATCH = YES;
				"CODE_SIGN_IDENTITY[sdk=iphoneos*]" = "iPhone Developer";
				COPY_PHASE_STRIP = YES;
				ENABLE_NS_ASSERTIONS = NO;
				ENABLE_STRICT_OBJC_MSGSEND = YES;
				GCC_C_LANGUAGE_STANDARD = gnu99;
				GCC_WARN_64_TO_32_BIT_CONVERSION = YES;
				GCC_WARN_ABOUT_RETURN_TYPE = YES_ERROR;
				GCC_WARN_UNDECLARED_SELECTOR = YES;
				GCC_WARN_UNINITIALIZED_AUTOS = YES_AGGRESSIVE;
				GCC_WARN_UNUSED_FUNCTION = YES;
				GCC_WARN_UNUSED_VARIABLE = YES;
				IPHONEOS_DEPLOYMENT_TARGET = 8.1;
				MTL_ENABLE_DEBUG_INFO = NO;
				SDKROOT = iphoneos;
				VALIDATE_PRODUCT = YES;
			};
			name = Release;
		};
		5662A4451A6A849F008E633D /* Debug */ = {
			isa = XCBuildConfiguration;
			buildSettings = {
				ASSETCATALOG_COMPILER_APPICON_NAME = AppIcon;
				DEVELOPMENT_TEAM = G426QE9Z25;
				INFOPLIST_FILE = rightSide/Info.plist;
				LD_RUNPATH_SEARCH_PATHS = "$(inherited) @executable_path/Frameworks";
				PRODUCT_BUNDLE_IDENTIFIER = com.xwh.testApp;
				PRODUCT_NAME = "$(TARGET_NAME)";
			};
			name = Debug;
		};
		5662A4461A6A849F008E633D /* Release */ = {
			isa = XCBuildConfiguration;
			buildSettings = {
				ASSETCATALOG_COMPILER_APPICON_NAME = AppIcon;
				DEVELOPMENT_TEAM = G426QE9Z25;
				INFOPLIST_FILE = rightSide/Info.plist;
				LD_RUNPATH_SEARCH_PATHS = "$(inherited) @executable_path/Frameworks";
				PRODUCT_BUNDLE_IDENTIFIER = com.xwh.testApp;
				PRODUCT_NAME = "$(TARGET_NAME)";
			};
			name = Release;
		};
		5662A4481A6A849F008E633D /* Debug */ = {
			isa = XCBuildConfiguration;
			buildSettings = {
				BUNDLE_LOADER = "$(TEST_HOST)";
				FRAMEWORK_SEARCH_PATHS = (
					"$(SDKROOT)/Developer/Library/Frameworks",
					"$(inherited)",
				);
				GCC_PREPROCESSOR_DEFINITIONS = (
					"DEBUG=1",
					"$(inherited)",
				);
				INFOPLIST_FILE = rightSideTests/Info.plist;
				LD_RUNPATH_SEARCH_PATHS = "$(inherited) @executable_path/Frameworks @loader_path/Frameworks";
				PRODUCT_NAME = "$(TARGET_NAME)";
				TEST_HOST = "$(BUILT_PRODUCTS_DIR)/rightSide.app/rightSide";
			};
			name = Debug;
		};
		5662A4491A6A849F008E633D /* Release */ = {
			isa = XCBuildConfiguration;
			buildSettings = {
				BUNDLE_LOADER = "$(TEST_HOST)";
				FRAMEWORK_SEARCH_PATHS = (
					"$(SDKROOT)/Developer/Library/Frameworks",
					"$(inherited)",
				);
				INFOPLIST_FILE = rightSideTests/Info.plist;
				LD_RUNPATH_SEARCH_PATHS = "$(inherited) @executable_path/Frameworks @loader_path/Frameworks";
				PRODUCT_NAME = "$(TARGET_NAME)";
				TEST_HOST = "$(BUILT_PRODUCTS_DIR)/rightSide.app/rightSide";
			};
			name = Release;
		};
/* End XCBuildConfiguration section */

/* Begin XCConfigurationList section */
		5662A41C1A6A849F008E633D /* Build configuration list for PBXProject "rightSide" */ = {
			isa = XCConfigurationList;
			buildConfigurations = (
				5662A4421A6A849F008E633D /* Debug */,
				5662A4431A6A849F008E633D /* Release */,
			);
			defaultConfigurationIsVisible = 0;
			defaultConfigurationName = Release;
		};
		5662A4441A6A849F008E633D /* Build configuration list for PBXNativeTarget "rightSide" */ = {
			isa = XCConfigurationList;
			buildConfigurations = (
				5662A4451A6A849F008E633D /* Debug */,
				5662A4461A6A849F008E633D /* Release */,
			);
			defaultConfigurationIsVisible = 0;
			defaultConfigurationName = Release;
		};
		5662A4471A6A849F008E633D /* Build configuration list for PBXNativeTarget "rightSideTests" */ = {
			isa = XCConfigurationList;
			buildConfigurations = (
				5662A4481A6A849F008E633D /* Debug */,
				5662A4491A6A849F008E633D /* Release */,
			);
			defaultConfigurationIsVisible = 0;
			defaultConfigurationName = Release;
		};
/* End XCConfigurationList section */
	};
	rootObject = 5662A4191A6A849F008E633D /* Project object */;
}
